
Microsoft Visual Studio Solution File, Format Version 12.00
# Visual Studio Version 16
VisualStudioVersion = 16.0.30611.23
MinimumVisualStudioVersion = 10.0.40219.1
Project("{FAE04EC0-301F-11D3-BF4B-00C04F79EFBC}") = "AreosaManagerAPI", "AreosaManagerAPI\AreosaManagerAPI.csproj", "{A9230BCA-3446-45A9-91E0-1F6776B38CEC}"
EndProject
Global
	GlobalSection(SolutionConfigurationPlatforms) = preSolution
		Debug|Any CPU = Debug|Any CPU
		Release|Any CPU = Release|Any CPU
	EndGlobalSection
	GlobalSection(ProjectConfigurationPlatforms) = postSolution
		{A9230BCA-3446-45A9-91E0-1F6776B38CEC}.Debug|Any CPU.ActiveCfg = Debug|Any CPU
		{A9230BCA-3446-45A9-91E0-1F6776B38CEC}.Debug|Any CPU.Build.0 = Debug|Any CPU
		{A9230BCA-3446-45A9-91E0-1F6776B38CEC}.Release|Any CPU.ActiveCfg = Release|Any CPU
		{A9230BCA-3446-45A9-91E0-1F6776B38CEC}.Release|Any CPU.Build.0 = Release|Any CPU
	EndGlobalSection
	GlobalSection(SolutionProperties) = preSolution
		HideSolutionNode = FALSE
	EndGlobalSection
	GlobalSection(ExtensibilityGlobals) = postSolution
		SolutionGuid = {477094DB-11E8-4E8F-BB33-7936404DD671}
	EndGlobalSection
EndGlobal
